{
  "name": "shoppinglist",
  "lockfileVersion": 2,
  "requires": true,
  "packages": {
    "": {
      "devDependencies": {
        "svelte-dragdroplist": "^1.1.1"
      }
    },
    "node_modules/svelte": {
      "version": "3.49.0",
      "resolved": "https://registry.npmjs.org/svelte/-/svelte-3.49.0.tgz",
      "integrity": "sha512-+lmjic1pApJWDfPCpUUTc1m8azDqYCG1JN9YEngrx/hUyIcFJo6VZhj0A1Ai0wqoHcEIuQy+e9tk+4uDgdtsFA==",
      "dev": true,
      "peer": true,
      "engines": {
        "node": ">= 8"
      }
    },
    "node_modules/svelte-dragdroplist": {
      "version": "1.1.1",
      "resolved": "https://registry.npmjs.org/svelte-dragdroplist/-/svelte-dragdroplist-1.1.1.tgz",
      "integrity": "sha512-63jrgGeBG3J+ZjHhfnzhRdikj/lAdAbGDoryiGw2lrGr5/et3Tp8Y0Vmgf6t4lSkhq/DMmjxbwaVmWNj4nGiUg==",
      "dev": true,
      "peerDependencies": {
        "svelte": "^3.0.0"
      }
    }
  },
  "dependencies": {
    "svelte": {
      "version": "3.49.0",
      "resolved": "https://registry.npmjs.org/svelte/-/svelte-3.49.0.tgz",
      "integrity": "sha512-+lmjic1pApJWDfPCpUUTc1m8azDqYCG1JN9YEngrx/hUyIcFJo6VZhj0A1Ai0wqoHcEIuQy+e9tk+4uDgdtsFA==",
      "dev": true,
      "peer": true
    },
    "svelte-dragdroplist": {
      "version": "1.1.1",
      "resolved": "https://registry.npmjs.org/svelte-dragdroplist/-/svelte-dragdroplist-1.1.1.tgz",
      "integrity": "sha512-63jrgGeBG3J+ZjHhfnzhRdikj/lAdAbGDoryiGw2lrGr5/et3Tp8Y0Vmgf6t4lSkhq/DMmjxbwaVmWNj4nGiUg==",
      "dev": true,
      "requires": {}
    }
  }
}
